
Microsoft Visual Studio Solution File, Format Version 12.00
Project("{FAE04EC0-301F-11D3-BF4B-00C04F79EFBC}") = "SystemProgramming", "SystemProgramming\SystemProgramming.csproj", "{821A72A2-13DF-4ACC-8F86-07987657A52E}"
EndProject
Global
	GlobalSection(SolutionConfigurationPlatforms) = preSolution
		Debug|Any CPU = Debug|Any CPU
		Release|Any CPU = Release|Any CPU
	EndGlobalSection
	GlobalSection(ProjectConfigurationPlatforms) = postSolution
		{821A72A2-13DF-4ACC-8F86-07987657A52E}.Debug|Any CPU.ActiveCfg = Debug|Any CPU
		{821A72A2-13DF-4ACC-8F86-07987657A52E}.Debug|Any CPU.Build.0 = Debug|Any CPU
		{821A72A2-13DF-4ACC-8F86-07987657A52E}.Release|Any CPU.ActiveCfg = Release|Any CPU
		{821A72A2-13DF-4ACC-8F86-07987657A52E}.Release|Any CPU.Build.0 = Release|Any CPU
	EndGlobalSection
EndGlobal
